
Microsoft Visual Studio Solution File, Format Version 12.00
# Visual Studio Version 16
VisualStudioVersion = 16.0.30104.148
MinimumVisualStudioVersion = 10.0.40219.1
Project("{9A19103F-16F7-4668-BE54-9A1E7A4F7556}") = "PromotionEngine.Test", "PromotionEngine.Test\PromotionEngine.Test.csproj", "{ACAAF266-F119-479D-9E78-9C21A43C06FB}"
EndProject
Project("{FAE04EC0-301F-11D3-BF4B-00C04F79EFBC}") = "PromotionEngine", "PromotionEngine\PromotionEngine.csproj", "{805A051F-7C9E-4FFF-9073-93DC1A5A02BC}"
EndProject
Project("{FAE04EC0-301F-11D3-BF4B-00C04F79EFBC}") = "StoreLibrary.Intf", "StoreLibrary.Intf\StoreLibrary.Intf.csproj", "{BE52F2D2-FFA2-4540-A1E6-42AB2046A36F}"
EndProject
Global
	GlobalSection(SolutionConfigurationPlatforms) = preSolution
		Debug|Any CPU = Debug|Any CPU
		Release|Any CPU = Release|Any CPU
	EndGlobalSection
	GlobalSection(ProjectConfigurationPlatforms) = postSolution
		{ACAAF266-F119-479D-9E78-9C21A43C06FB}.Debug|Any CPU.ActiveCfg = Debug|Any CPU
		{ACAAF266-F119-479D-9E78-9C21A43C06FB}.Debug|Any CPU.Build.0 = Debug|Any CPU
		{ACAAF266-F119-479D-9E78-9C21A43C06FB}.Release|Any CPU.ActiveCfg = Release|Any CPU
		{ACAAF266-F119-479D-9E78-9C21A43C06FB}.Release|Any CPU.Build.0 = Release|Any CPU
		{805A051F-7C9E-4FFF-9073-93DC1A5A02BC}.Debug|Any CPU.ActiveCfg = Debug|Any CPU
		{805A051F-7C9E-4FFF-9073-93DC1A5A02BC}.Debug|Any CPU.Build.0 = Debug|Any CPU
		{805A051F-7C9E-4FFF-9073-93DC1A5A02BC}.Release|Any CPU.ActiveCfg = Release|Any CPU
		{805A051F-7C9E-4FFF-9073-93DC1A5A02BC}.Release|Any CPU.Build.0 = Release|Any CPU
		{BE52F2D2-FFA2-4540-A1E6-42AB2046A36F}.Debug|Any CPU.ActiveCfg = Debug|Any CPU
		{BE52F2D2-FFA2-4540-A1E6-42AB2046A36F}.Debug|Any CPU.Build.0 = Debug|Any CPU
		{BE52F2D2-FFA2-4540-A1E6-42AB2046A36F}.Release|Any CPU.ActiveCfg = Release|Any CPU
		{BE52F2D2-FFA2-4540-A1E6-42AB2046A36F}.Release|Any CPU.Build.0 = Release|Any CPU
	EndGlobalSection
	GlobalSection(SolutionProperties) = preSolution
		HideSolutionNode = FALSE
	EndGlobalSection
	GlobalSection(ExtensibilityGlobals) = postSolution
		SolutionGuid = {B622F4F5-65D8-4AA8-8279-AB96AE6730AC}
	EndGlobalSection
EndGlobal
